
Microsoft Visual Studio Solution File, Format Version 12.00
# Visual Studio Version 16
VisualStudioVersion = 16.0.30114.105
MinimumVisualStudioVersion = 10.0.40219.1
Project("{9A19103F-16F7-4668-BE54-9A1E7A4F7556}") = "TWRailway.Api", "TWRailway.Api\TWRailway.Api.csproj", "{6B4775A5-D227-4631-A8C0-A5060D877A24}"
EndProject
Project("{9A19103F-16F7-4668-BE54-9A1E7A4F7556}") = "TWRailway.Service", "TWRailway.Service\TWRailway.Service.csproj", "{FE06E012-5EF2-4A19-8385-BA1CA9320D43}"
EndProject
Project("{9A19103F-16F7-4668-BE54-9A1E7A4F7556}") = "TWRailway.Repository", "TWRailway.Repository\TWRailway.Repository.csproj", "{3EA31430-4102-4039-854C-49A78887F496}"
EndProject
Project("{9A19103F-16F7-4668-BE54-9A1E7A4F7556}") = "TWRailway.Common", "TWRailway.Common\TWRailway.Common.csproj", "{C8DB5E76-20C8-4F6E-B495-DEF0A4F01CAC}"
EndProject
Project("{FAE04EC0-301F-11D3-BF4B-00C04F79EFBC}") = "TWRailway.Task", "TWRailway.Task\TWRailway.Task.csproj", "{F2C3EF96-79D1-4A94-AB14-7D4D17D8D5CF}"
EndProject
Project("{2150E333-8FDC-42A3-9474-1A3956D46DE8}") = "1.Common", "1.Common", "{20917872-00BB-480B-8ACF-837FE402F2F0}"
EndProject
Project("{2150E333-8FDC-42A3-9474-1A3956D46DE8}") = "2.Repository", "2.Repository", "{943F0CD7-DBB9-4A8D-AA3A-61EA6D9B7E97}"
EndProject
Project("{2150E333-8FDC-42A3-9474-1A3956D46DE8}") = "3.Service", "3.Service", "{349FF318-3B5B-4517-9865-0EB9B21ECADD}"
EndProject
Project("{2150E333-8FDC-42A3-9474-1A3956D46DE8}") = "4.Application", "4.Application", "{ED43ECCC-3A33-4A62-85A6-69070F26C65C}"
EndProject
Global
	GlobalSection(SolutionConfigurationPlatforms) = preSolution
		Debug|Any CPU = Debug|Any CPU
		Release|Any CPU = Release|Any CPU
	EndGlobalSection
	GlobalSection(ProjectConfigurationPlatforms) = postSolution
		{6B4775A5-D227-4631-A8C0-A5060D877A24}.Debug|Any CPU.ActiveCfg = Debug|Any CPU
		{6B4775A5-D227-4631-A8C0-A5060D877A24}.Debug|Any CPU.Build.0 = Debug|Any CPU
		{6B4775A5-D227-4631-A8C0-A5060D877A24}.Release|Any CPU.ActiveCfg = Release|Any CPU
		{6B4775A5-D227-4631-A8C0-A5060D877A24}.Release|Any CPU.Build.0 = Release|Any CPU
		{FE06E012-5EF2-4A19-8385-BA1CA9320D43}.Debug|Any CPU.ActiveCfg = Debug|Any CPU
		{FE06E012-5EF2-4A19-8385-BA1CA9320D43}.Debug|Any CPU.Build.0 = Debug|Any CPU
		{FE06E012-5EF2-4A19-8385-BA1CA9320D43}.Release|Any CPU.ActiveCfg = Release|Any CPU
		{FE06E012-5EF2-4A19-8385-BA1CA9320D43}.Release|Any CPU.Build.0 = Release|Any CPU
		{3EA31430-4102-4039-854C-49A78887F496}.Debug|Any CPU.ActiveCfg = Debug|Any CPU
		{3EA31430-4102-4039-854C-49A78887F496}.Debug|Any CPU.Build.0 = Debug|Any CPU
		{3EA31430-4102-4039-854C-49A78887F496}.Release|Any CPU.ActiveCfg = Release|Any CPU
		{3EA31430-4102-4039-854C-49A78887F496}.Release|Any CPU.Build.0 = Release|Any CPU
		{C8DB5E76-20C8-4F6E-B495-DEF0A4F01CAC}.Debug|Any CPU.ActiveCfg = Debug|Any CPU
		{C8DB5E76-20C8-4F6E-B495-DEF0A4F01CAC}.Debug|Any CPU.Build.0 = Debug|Any CPU
		{C8DB5E76-20C8-4F6E-B495-DEF0A4F01CAC}.Release|Any CPU.ActiveCfg = Release|Any CPU
		{C8DB5E76-20C8-4F6E-B495-DEF0A4F01CAC}.Release|Any CPU.Build.0 = Release|Any CPU
		{F2C3EF96-79D1-4A94-AB14-7D4D17D8D5CF}.Debug|Any CPU.ActiveCfg = Debug|Any CPU
		{F2C3EF96-79D1-4A94-AB14-7D4D17D8D5CF}.Debug|Any CPU.Build.0 = Debug|Any CPU
		{F2C3EF96-79D1-4A94-AB14-7D4D17D8D5CF}.Release|Any CPU.ActiveCfg = Release|Any CPU
		{F2C3EF96-79D1-4A94-AB14-7D4D17D8D5CF}.Release|Any CPU.Build.0 = Release|Any CPU
	EndGlobalSection
	GlobalSection(SolutionProperties) = preSolution
		HideSolutionNode = FALSE
	EndGlobalSection
	GlobalSection(NestedProjects) = preSolution
		{6B4775A5-D227-4631-A8C0-A5060D877A24} = {ED43ECCC-3A33-4A62-85A6-69070F26C65C}
		{FE06E012-5EF2-4A19-8385-BA1CA9320D43} = {349FF318-3B5B-4517-9865-0EB9B21ECADD}
		{3EA31430-4102-4039-854C-49A78887F496} = {943F0CD7-DBB9-4A8D-AA3A-61EA6D9B7E97}
		{C8DB5E76-20C8-4F6E-B495-DEF0A4F01CAC} = {20917872-00BB-480B-8ACF-837FE402F2F0}
		{F2C3EF96-79D1-4A94-AB14-7D4D17D8D5CF} = {ED43ECCC-3A33-4A62-85A6-69070F26C65C}
	EndGlobalSection
	GlobalSection(ExtensibilityGlobals) = postSolution
		SolutionGuid = {05A7C5FA-30C8-48E9-BF43-36DB2FC29CCF}
	EndGlobalSection
EndGlobal
